
Microsoft Visual Studio Solution File, Format Version 12.00
# Visual Studio Version 16
VisualStudioVersion = 16.0.30517.126
MinimumVisualStudioVersion = 10.0.40219.1
Project("{FAE04EC0-301F-11D3-BF4B-00C04F79EFBC}") = "Projet_GitHub", "Projet_GitHub.csproj", "{719C78B6-200D-4E24-BF77-AD86E760A551}"
EndProject
Global
	GlobalSection(SolutionConfigurationPlatforms) = preSolution
		Debug|Any CPU = Debug|Any CPU
		Release|Any CPU = Release|Any CPU
	EndGlobalSection
	GlobalSection(ProjectConfigurationPlatforms) = postSolution
		{719C78B6-200D-4E24-BF77-AD86E760A551}.Debug|Any CPU.ActiveCfg = Debug|Any CPU
		{719C78B6-200D-4E24-BF77-AD86E760A551}.Debug|Any CPU.Build.0 = Debug|Any CPU
		{719C78B6-200D-4E24-BF77-AD86E760A551}.Release|Any CPU.ActiveCfg = Release|Any CPU
		{719C78B6-200D-4E24-BF77-AD86E760A551}.Release|Any CPU.Build.0 = Release|Any CPU
	EndGlobalSection
	GlobalSection(SolutionProperties) = preSolution
		HideSolutionNode = FALSE
	EndGlobalSection
	GlobalSection(ExtensibilityGlobals) = postSolution
		SolutionGuid = {283465FF-36DB-44EE-9F81-2129BBF079A6}
	EndGlobalSection
EndGlobal
